
Microsoft Visual Studio Solution File, Format Version 12.00
# Visual Studio Version 17
VisualStudioVersion = 17.8.34309.116
MinimumVisualStudioVersion = 10.0.40219.1
Project("{FAE04EC0-301F-11D3-BF4B-00C04F79EFBC}") = "Training1", "Training1.csproj", "{9FADF1F6-1DEB-4FDD-AC0E-7C7BDFFE98EB}"
EndProject
Global
	GlobalSection(SolutionConfigurationPlatforms) = preSolution
		Debug|Any CPU = Debug|Any CPU
		Release|Any CPU = Release|Any CPU
	EndGlobalSection
	GlobalSection(ProjectConfigurationPlatforms) = postSolution
		{9FADF1F6-1DEB-4FDD-AC0E-7C7BDFFE98EB}.Debug|Any CPU.ActiveCfg = Debug|Any CPU
		{9FADF1F6-1DEB-4FDD-AC0E-7C7BDFFE98EB}.Debug|Any CPU.Build.0 = Debug|Any CPU
		{9FADF1F6-1DEB-4FDD-AC0E-7C7BDFFE98EB}.Release|Any CPU.ActiveCfg = Release|Any CPU
		{9FADF1F6-1DEB-4FDD-AC0E-7C7BDFFE98EB}.Release|Any CPU.Build.0 = Release|Any CPU
	EndGlobalSection
	GlobalSection(SolutionProperties) = preSolution
		HideSolutionNode = FALSE
	EndGlobalSection
	GlobalSection(ExtensibilityGlobals) = postSolution
		SolutionGuid = {0ECEB241-0EBD-4DD5-B3FB-9C633E21A690}
	EndGlobalSection
EndGlobal
